
Microsoft Visual Studio Solution File, Format Version 12.00
# Visual Studio Version 16
VisualStudioVersion = 16.0.30104.148
MinimumVisualStudioVersion = 10.0.40219.1
Project("{FAE04EC0-301F-11D3-BF4B-00C04F79EFBC}") = "2article1_2-2", "2article1_2-2\2article1_2-2.csproj", "{260DA495-728A-46F4-A8E0-C15C31EC4256}"
EndProject
Global
	GlobalSection(SolutionConfigurationPlatforms) = preSolution
		Debug|Any CPU = Debug|Any CPU
		Release|Any CPU = Release|Any CPU
	EndGlobalSection
	GlobalSection(ProjectConfigurationPlatforms) = postSolution
		{260DA495-728A-46F4-A8E0-C15C31EC4256}.Debug|Any CPU.ActiveCfg = Debug|Any CPU
		{260DA495-728A-46F4-A8E0-C15C31EC4256}.Debug|Any CPU.Build.0 = Debug|Any CPU
		{260DA495-728A-46F4-A8E0-C15C31EC4256}.Release|Any CPU.ActiveCfg = Release|Any CPU
		{260DA495-728A-46F4-A8E0-C15C31EC4256}.Release|Any CPU.Build.0 = Release|Any CPU
	EndGlobalSection
	GlobalSection(SolutionProperties) = preSolution
		HideSolutionNode = FALSE
	EndGlobalSection
	GlobalSection(ExtensibilityGlobals) = postSolution
		SolutionGuid = {7A9C6279-FF5F-44C3-8599-9C18D3D569CF}
	EndGlobalSection
EndGlobal
